// !$*UTF8*$!
{
	archiveVersion = 1;
	classes = {
	};
	objectVersion = 50;
	objects = {

/* Begin PBXBuildFile section */
		9C26A91B24D8424E000E131B /* AppDelegate.swift in Sources */ = {isa = PBXBuildFile; fileRef = 9C26A91A24D8424E000E131B /* AppDelegate.swift */; };
		9C26A91D24D8424E000E131B /* SceneDelegate.swift in Sources */ = {isa = PBXBuildFile; fileRef = 9C26A91C24D8424E000E131B /* SceneDelegate.swift */; };
		9C26A91F24D8424E000E131B /* ViewController.swift in Sources */ = {isa = PBXBuildFile; fileRef = 9C26A91E24D8424E000E131B /* ViewController.swift */; };
		9C26A92224D8424E000E131B /* Main.storyboard in Resources */ = {isa = PBXBuildFile; fileRef = 9C26A92024D8424E000E131B /* Main.storyboard */; };
		9C26A92424D84251000E131B /* Assets.xcassets in Resources */ = {isa = PBXBuildFile; fileRef = 9C26A92324D84251000E131B /* Assets.xcassets */; };
		9C26A92724D84251000E131B /* LaunchScreen.storyboard in Resources */ = {isa = PBXBuildFile; fileRef = 9C26A92524D84251000E131B /* LaunchScreen.storyboard */; };
		9C26A93324D842EC000E131B /* AlertService.swift in Sources */ = {isa = PBXBuildFile; fileRef = 9C26A93224D842EC000E131B /* AlertService.swift */; };
		9C26A93824D983D8000E131B /* models.scnassets in Resources */ = {isa = PBXBuildFile; fileRef = 9C26A93724D983D8000E131B /* models.scnassets */; };
		9C5486C124E6BC54002E8408 /* FirstViewController.swift in Sources */ = {isa = PBXBuildFile; fileRef = 9C5486C024E6BC54002E8408 /* FirstViewController.swift */; };
		9C5486C324E6CDBE002E8408 /* IntroViewController.swift in Sources */ = {isa = PBXBuildFile; fileRef = 9C5486C224E6CDBE002E8408 /* IntroViewController.swift */; };
		9C5486C524E6CDCE002E8408 /* GameViewController.swift in Sources */ = {isa = PBXBuildFile; fileRef = 9C5486C424E6CDCE002E8408 /* GameViewController.swift */; };
		9C5486E924E6DDEA002E8408 /* EduViewController.swift in Sources */ = {isa = PBXBuildFile; fileRef = 9C5486E824E6DDEA002E8408 /* EduViewController.swift */; };
		9C5825042508E147004A87CA /* Combinations.scnassets in Resources */ = {isa = PBXBuildFile; fileRef = 9C5825032508E147004A87CA /* Combinations.scnassets */; };
		9CE4589E24F0315B00295A43 /* pppp.png in Resources */ = {isa = PBXBuildFile; fileRef = 9CE4589D24F0315B00295A43 /* pppp.png */; };
		9CE458A324F0333000295A43 /* pinpng.com-circle-shadow-png-5825447.png in Resources */ = {isa = PBXBuildFile; fileRef = 9CE458A124F0333000295A43 /* pinpng.com-circle-shadow-png-5825447.png */; };
		9CE458A424F0333000295A43 /* pinpng.com-tumblr-circle-png-952670.png in Resources */ = {isa = PBXBuildFile; fileRef = 9CE458A224F0333000295A43 /* pinpng.com-tumblr-circle-png-952670.png */; };
		9CF7BA9F24F59C3B0031DC82 /* Slide.swift in Sources */ = {isa = PBXBuildFile; fileRef = 9CF7BA9E24F59C3B0031DC82 /* Slide.swift */; };
		9CF7BAA124F59C640031DC82 /* Slide.xib in Resources */ = {isa = PBXBuildFile; fileRef = 9CF7BAA024F59C640031DC82 /* Slide.xib */; };
		9CF7BAA524FD80730031DC82 /* pdbFiles in Resources */ = {isa = PBXBuildFile; fileRef = 9CF7BAA424FD80700031DC82 /* pdbFiles */; };
		9CF7BAA824FE79590031DC82 /* Database.xcdatamodeld in Sources */ = {isa = PBXBuildFile; fileRef = 9CF7BAA624FE79590031DC82 /* Database.xcdatamodeld */; };
/* End PBXBuildFile section */

/* Begin PBXFileReference section */
		9C26A91724D8424E000E131B /* Protein.v3.1.app */ = {isa = PBXFileReference; explicitFileType = wrapper.application; includeInIndex = 0; path = Protein.v3.1.app; sourceTree = BUILT_PRODUCTS_DIR; };
		9C26A91A24D8424E000E131B /* AppDelegate.swift */ = {isa = PBXFileReference; lastKnownFileType = sourcecode.swift; path = AppDelegate.swift; sourceTree = "<group>"; };
		9C26A91C24D8424E000E131B /* SceneDelegate.swift */ = {isa = PBXFileReference; lastKnownFileType = sourcecode.swift; path = SceneDelegate.swift; sourceTree = "<group>"; };
		9C26A91E24D8424E000E131B /* ViewController.swift */ = {isa = PBXFileReference; lastKnownFileType = sourcecode.swift; path = ViewController.swift; sourceTree = "<group>"; };
		9C26A92124D8424E000E131B /* Base */ = {isa = PBXFileReference; lastKnownFileType = file.storyboard; name = Base; path = Base.lproj/Main.storyboard; sourceTree = "<group>"; };
		9C26A92324D84251000E131B /* Assets.xcassets */ = {isa = PBXFileReference; lastKnownFileType = folder.assetcatalog; path = Assets.xcassets; sourceTree = "<group>"; };
		9C26A92624D84251000E131B /* Base */ = {isa = PBXFileReference; lastKnownFileType = file.storyboard; name = Base; path = Base.lproj/LaunchScreen.storyboard; sourceTree = "<group>"; };
		9C26A92824D84251000E131B /* Info.plist */ = {isa = PBXFileReference; lastKnownFileType = text.plist.xml; path = Info.plist; sourceTree = "<group>"; };
		9C26A93224D842EC000E131B /* AlertService.swift */ = {isa = PBXFileReference; fileEncoding = 4; lastKnownFileType = sourcecode.swift; name = AlertService.swift; path = ../../Protein.v3/Protein.v3/AlertService.swift; sourceTree = "<group>"; };
		9C26A93724D983D8000E131B /* models.scnassets */ = {isa = PBXFileReference; lastKnownFileType = wrapper.scnassets; path = models.scnassets; sourceTree = "<group>"; };
		9C5486C024E6BC54002E8408 /* FirstViewController.swift */ = {isa = PBXFileReference; lastKnownFileType = sourcecode.swift; path = FirstViewController.swift; sourceTree = "<group>"; };
		9C5486C224E6CDBE002E8408 /* IntroViewController.swift */ = {isa = PBXFileReference; lastKnownFileType = sourcecode.swift; path = IntroViewController.swift; sourceTree = "<group>"; };
		9C5486C424E6CDCE002E8408 /* GameViewController.swift */ = {isa = PBXFileReference; lastKnownFileType = sourcecode.swift; path = GameViewController.swift; sourceTree = "<group>"; };
		9C5486E824E6DDEA002E8408 /* EduViewController.swift */ = {isa = PBXFileReference; lastKnownFileType = sourcecode.swift; path = EduViewController.swift; sourceTree = "<group>"; };
		9C5825032508E147004A87CA /* Combinations.scnassets */ = {isa = PBXFileReference; lastKnownFileType = wrapper.scnassets; path = Combinations.scnassets; sourceTree = "<group>"; };
		9CE4589D24F0315B00295A43 /* pppp.png */ = {isa = PBXFileReference; lastKnownFileType = image.png; name = pppp.png; path = ../pppp.png; sourceTree = "<group>"; };
		9CE458A124F0333000295A43 /* pinpng.com-circle-shadow-png-5825447.png */ = {isa = PBXFileReference; lastKnownFileType = image.png; name = "pinpng.com-circle-shadow-png-5825447.png"; path = "../pinpng.com-circle-shadow-png-5825447.png"; sourceTree = "<group>"; };
		9CE458A224F0333000295A43 /* pinpng.com-tumblr-circle-png-952670.png */ = {isa = PBXFileReference; lastKnownFileType = image.png; name = "pinpng.com-tumblr-circle-png-952670.png"; path = "../pinpng.com-tumblr-circle-png-952670.png"; sourceTree = "<group>"; };
		9CF7BA9E24F59C3B0031DC82 /* Slide.swift */ = {isa = PBXFileReference; lastKnownFileType = sourcecode.swift; path = Slide.swift; sourceTree = "<group>"; };
		9CF7BAA024F59C640031DC82 /* Slide.xib */ = {isa = PBXFileReference; lastKnownFileType = file.xib; path = Slide.xib; sourceTree = "<group>"; };
		9CF7BAA424FD80700031DC82 /* pdbFiles */ = {isa = PBXFileReference; lastKnownFileType = folder; path = pdbFiles; sourceTree = "<group>"; };
		9CF7BAA724FE79590031DC82 /* Database.xcdatamodel */ = {isa = PBXFileReference; lastKnownFileType = wrapper.xcdatamodel; path = Database.xcdatamodel; sourceTree = "<group>"; };
/* End PBXFileReference section */

/* Begin PBXFrameworksBuildPhase section */
		9C26A91424D8424E000E131B /* Frameworks */ = {
			isa = PBXFrameworksBuildPhase;
			buildActionMask = 2147483647;
			files = (
			);
			runOnlyForDeploymentPostprocessing = 0;
		};
/* End PBXFrameworksBuildPhase section */

/* Begin PBXGroup section */
		9C26A90E24D8424E000E131B = {
			isa = PBXGroup;
			children = (
				9C5825032508E147004A87CA /* Combinations.scnassets */,
				9CF7BAA424FD80700031DC82 /* pdbFiles */,
				9CE4589D24F0315B00295A43 /* pppp.png */,
				9CE458A124F0333000295A43 /* pinpng.com-circle-shadow-png-5825447.png */,
				9CE458A224F0333000295A43 /* pinpng.com-tumblr-circle-png-952670.png */,
				9C26A93724D983D8000E131B /* models.scnassets */,
				9C26A91924D8424E000E131B /* Protein.v3.1 */,
				9C26A91824D8424E000E131B /* Products */,
			);
			sourceTree = "<group>";
		};
		9C26A91824D8424E000E131B /* Products */ = {
			isa = PBXGroup;
			children = (
				9C26A91724D8424E000E131B /* Protein.v3.1.app */,
			);
			name = Products;
			sourceTree = "<group>";
		};
		9C26A91924D8424E000E131B /* Protein.v3.1 */ = {
			isa = PBXGroup;
			children = (
				9C26A91A24D8424E000E131B /* AppDelegate.swift */,
				9CF7BA9E24F59C3B0031DC82 /* Slide.swift */,
				9C26A93224D842EC000E131B /* AlertService.swift */,
				9C26A91C24D8424E000E131B /* SceneDelegate.swift */,
				9C26A91E24D8424E000E131B /* ViewController.swift */,
				9C26A92024D8424E000E131B /* Main.storyboard */,
				9C5486E824E6DDEA002E8408 /* EduViewController.swift */,
				9C5486C224E6CDBE002E8408 /* IntroViewController.swift */,
				9C5486C424E6CDCE002E8408 /* GameViewController.swift */,
				9C5486C024E6BC54002E8408 /* FirstViewController.swift */,
				9C26A92324D84251000E131B /* Assets.xcassets */,
				9C26A92524D84251000E131B /* LaunchScreen.storyboard */,
				9C26A92824D84251000E131B /* Info.plist */,
				9CF7BAA024F59C640031DC82 /* Slide.xib */,
				9CF7BAA624FE79590031DC82 /* Database.xcdatamodeld */,
			);
			path = Protein.v3.1;
			sourceTree = "<group>";
		};
/* End PBXGroup section */

/* Begin PBXNativeTarget section */
		9C26A91624D8424E000E131B /* Protein.v3.1 */ = {
			isa = PBXNativeTarget;
			buildConfigurationList = 9C26A92B24D84251000E131B /* Build configuration list for PBXNativeTarget "Protein.v3.1" */;
			buildPhases = (
				9C26A91324D8424E000E131B /* Sources */,
				9C26A91424D8424E000E131B /* Frameworks */,
				9C26A91524D8424E000E131B /* Resources */,
			);
			buildRules = (
			);
			dependencies = (
			);
			name = Protein.v3.1;
			productName = Protein.v3.1;
			productReference = 9C26A91724D8424E000E131B /* Protein.v3.1.app */;
			productType = "com.apple.product-type.application";
		};
/* End PBXNativeTarget section */

/* Begin PBXProject section */
		9C26A90F24D8424E000E131B /* Project object */ = {
			isa = PBXProject;
			attributes = {
				LastSwiftUpdateCheck = 1150;
				LastUpgradeCheck = 1150;
				ORGANIZATIONNAME = "Thao P Le";
				TargetAttributes = {
					9C26A91624D8424E000E131B = {
						CreatedOnToolsVersion = 11.5;
					};
				};
			};
			buildConfigurationList = 9C26A91224D8424E000E131B /* Build configuration list for PBXProject "Protein.v3.1" */;
			compatibilityVersion = "Xcode 9.3";
			developmentRegion = en;
			hasScannedForEncodings = 0;
			knownRegions = (
				en,
				Base,
			);
			mainGroup = 9C26A90E24D8424E000E131B;
			productRefGroup = 9C26A91824D8424E000E131B /* Products */;
			projectDirPath = "";
			projectRoot = "";
			targets = (
				9C26A91624D8424E000E131B /* Protein.v3.1 */,
			);
		};
/* End PBXProject section */

/* Begin PBXResourcesBuildPhase section */
		9C26A91524D8424E000E131B /* Resources */ = {
			isa = PBXResourcesBuildPhase;
			buildActionMask = 2147483647;
			files = (
				9CE458A324F0333000295A43 /* pinpng.com-circle-shadow-png-5825447.png in Resources */,
				9C5825042508E147004A87CA /* Combinations.scnassets in Resources */,
				9C26A92724D84251000E131B /* LaunchScreen.storyboard in Resources */,
				9CE4589E24F0315B00295A43 /* pppp.png in Resources */,
				9CF7BAA124F59C640031DC82 /* Slide.xib in Resources */,
				9CE458A424F0333000295A43 /* pinpng.com-tumblr-circle-png-952670.png in Resources */,
				9CF7BAA524FD80730031DC82 /* pdbFiles in Resources */,
				9C26A93824D983D8000E131B /* models.scnassets in Resources */,
				9C26A92424D84251000E131B /* Assets.xcassets in Resources */,
				9C26A92224D8424E000E131B /* Main.storyboard in Resources */,
			);
			runOnlyForDeploymentPostprocessing = 0;
		};
/* End PBXResourcesBuildPhase section */

/* Begin PBXSourcesBuildPhase section */
		9C26A91324D8424E000E131B /* Sources */ = {
			isa = PBXSourcesBuildPhase;
			buildActionMask = 2147483647;
			files = (
				9C26A91F24D8424E000E131B /* ViewController.swift in Sources */,
				9C26A91B24D8424E000E131B /* AppDelegate.swift in Sources */,
				9C5486E924E6DDEA002E8408 /* EduViewController.swift in Sources */,
				9C5486C524E6CDCE002E8408 /* GameViewController.swift in Sources */,
				9C26A93324D842EC000E131B /* AlertService.swift in Sources */,
				9CF7BA9F24F59C3B0031DC82 /* Slide.swift in Sources */,
				9C26A91D24D8424E000E131B /* SceneDelegate.swift in Sources */,
				9C5486C124E6BC54002E8408 /* FirstViewController.swift in Sources */,
				9CF7BAA824FE79590031DC82 /* Database.xcdatamodeld in Sources */,
				9C5486C324E6CDBE002E8408 /* IntroViewController.swift in Sources */,
			);
			runOnlyForDeploymentPostprocessing = 0;
		};
/* End PBXSourcesBuildPhase section */

/* Begin PBXVariantGroup section */
		9C26A92024D8424E000E131B /* Main.storyboard */ = {
			isa = PBXVariantGroup;
			children = (
				9C26A92124D8424E000E131B /* Base */,
			);
			name = Main.storyboard;
			sourceTree = "<group>";
		};
		9C26A92524D84251000E131B /* LaunchScreen.storyboard */ = {
			isa = PBXVariantGroup;
			children = (
				9C26A92624D84251000E131B /* Base */,
			);
			name = LaunchScreen.storyboard;
			sourceTree = "<group>";
		};
/* End PBXVariantGroup section */

/* Begin XCBuildConfiguration section */
		9C26A92924D84251000E131B /* Debug */ = {
			isa = XCBuildConfiguration;
			buildSettings = {
				ALWAYS_SEARCH_USER_PATHS = NO;
				CLANG_ANALYZER_NONNULL = YES;
				CLANG_ANALYZER_NUMBER_OBJECT_CONVERSION = YES_AGGRESSIVE;
				CLANG_CXX_LANGUAGE_STANDARD = "gnu++14";
				CLANG_CXX_LIBRARY = "libc++";
				CLANG_ENABLE_MODULES = YES;
				CLANG_ENABLE_OBJC_ARC = YES;
				CLANG_ENABLE_OBJC_WEAK = YES;
				CLANG_WARN_BLOCK_CAPTURE_AUTORELEASING = YES;
				CLANG_WARN_BOOL_CONVERSION = YES;
				CLANG_WARN_COMMA = YES;
				CLANG_WARN_CONSTANT_CONVERSION = YES;
				CLANG_WARN_DEPRECATED_OBJC_IMPLEMENTATIONS = YES;
				CLANG_WARN_DIRECT_OBJC_ISA_USAGE = YES_ERROR;
				CLANG_WARN_DOCUMENTATION_COMMENTS = YES;
				CLANG_WARN_EMPTY_BODY = YES;
				CLANG_WARN_ENUM_CONVERSION = YES;
				CLANG_WARN_INFINITE_RECURSION = YES;
				CLANG_WARN_INT_CONVERSION = YES;
				CLANG_WARN_NON_LITERAL_NULL_CONVERSION = YES;
				CLANG_WARN_OBJC_IMPLICIT_RETAIN_SELF = YES;
				CLANG_WARN_OBJC_LITERAL_CONVERSION = YES;
				CLANG_WARN_OBJC_ROOT_CLASS = YES_ERROR;
				CLANG_WARN_RANGE_LOOP_ANALYSIS = YES;
				CLANG_WARN_STRICT_PROTOTYPES = YES;
				CLANG_WARN_SUSPICIOUS_MOVE = YES;
				CLANG_WARN_UNGUARDED_AVAILABILITY = YES_AGGRESSIVE;
				CLANG_WARN_UNREACHABLE_CODE = YES;
				CLANG_WARN__DUPLICATE_METHOD_MATCH = YES;
				COPY_PHASE_STRIP = NO;
				DEBUG_INFORMATION_FORMAT = dwarf;
				ENABLE_STRICT_OBJC_MSGSEND = YES;
				ENABLE_TESTABILITY = YES;
				GCC_C_LANGUAGE_STANDARD = gnu11;
				GCC_DYNAMIC_NO_PIC = NO;
				GCC_NO_COMMON_BLOCKS = YES;
				GCC_OPTIMIZATION_LEVEL = 0;
				GCC_PREPROCESSOR_DEFINITIONS = (
					"DEBUG=1",
					"$(inherited)",
				);
				GCC_WARN_64_TO_32_BIT_CONVERSION = YES;
				GCC_WARN_ABOUT_RETURN_TYPE = YES_ERROR;
				GCC_WARN_UNDECLARED_SELECTOR = YES;
				GCC_WARN_UNINITIALIZED_AUTOS = YES_AGGRESSIVE;
				GCC_WARN_UNUSED_FUNCTION = YES;
				GCC_WARN_UNUSED_VARIABLE = YES;
				IPHONEOS_DEPLOYMENT_TARGET = 13.5;
				MTL_ENABLE_DEBUG_INFO = INCLUDE_SOURCE;
				MTL_FAST_MATH = YES;
				ONLY_ACTIVE_ARCH = YES;
				SDKROOT = iphoneos;
				SWIFT_ACTIVE_COMPILATION_CONDITIONS = DEBUG;
				SWIFT_OPTIMIZATION_LEVEL = "-Onone";
			};
			name = Debug;
		};
		9C26A92A24D84251000E131B /* Release */ = {
			isa = XCBuildConfiguration;
			buildSettings = {
				ALWAYS_SEARCH_USER_PATHS = NO;
				CLANG_ANALYZER_NONNULL = YES;
				CLANG_ANALYZER_NUMBER_OBJECT_CONVERSION = YES_AGGRESSIVE;
				CLANG_CXX_LANGUAGE_STANDARD = "gnu++14";
				CLANG_CXX_LIBRARY = "libc++";
				CLANG_ENABLE_MODULES = YES;
				CLANG_ENABLE_OBJC_ARC = YES;
				CLANG_ENABLE_OBJC_WEAK = YES;
				CLANG_WARN_BLOCK_CAPTURE_AUTORELEASING = YES;
				CLANG_WARN_BOOL_CONVERSION = YES;
				CLANG_WARN_COMMA = YES;
				CLANG_WARN_CONSTANT_CONVERSION = YES;
				CLANG_WARN_DEPRECATED_OBJC_IMPLEMENTATIONS = YES;
				CLANG_WARN_DIRECT_OBJC_ISA_USAGE = YES_ERROR;
				CLANG_WARN_DOCUMENTATION_COMMENTS = YES;
				CLANG_WARN_EMPTY_BODY = YES;
				CLANG_WARN_ENUM_CONVERSION = YES;
				CLANG_WARN_INFINITE_RECURSION = YES;
				CLANG_WARN_INT_CONVERSION = YES;
				CLANG_WARN_NON_LITERAL_NULL_CONVERSION = YES;
				CLANG_WARN_OBJC_IMPLICIT_RETAIN_SELF = YES;
				CLANG_WARN_OBJC_LITERAL_CONVERSION = YES;
				CLANG_WARN_OBJC_ROOT_CLASS = YES_ERROR;
				CLANG_WARN_RANGE_LOOP_ANALYSIS = YES;
				CLANG_WARN_STRICT_PROTOTYPES = YES;
				CLANG_WARN_SUSPICIOUS_MOVE = YES;
				CLANG_WARN_UNGUARDED_AVAILABILITY = YES_AGGRESSIVE;
				CLANG_WARN_UNREACHABLE_CODE = YES;
				CLANG_WARN__DUPLICATE_METHOD_MATCH = YES;
				COPY_PHASE_STRIP = NO;
				DEBUG_INFORMATION_FORMAT = "dwarf-with-dsym";
				ENABLE_NS_ASSERTIONS = NO;
				ENABLE_STRICT_OBJC_MSGSEND = YES;
				GCC_C_LANGUAGE_STANDARD = gnu11;
				GCC_NO_COMMON_BLOCKS = YES;
				GCC_WARN_64_TO_32_BIT_CONVERSION = YES;
				GCC_WARN_ABOUT_RETURN_TYPE = YES_ERROR;
				GCC_WARN_UNDECLARED_SELECTOR = YES;
				GCC_WARN_UNINITIALIZED_AUTOS = YES_AGGRESSIVE;
				GCC_WARN_UNUSED_FUNCTION = YES;
				GCC_WARN_UNUSED_VARIABLE = YES;
				IPHONEOS_DEPLOYMENT_TARGET = 13.5;
				MTL_ENABLE_DEBUG_INFO = NO;
				MTL_FAST_MATH = YES;
				SDKROOT = iphoneos;
				SWIFT_COMPILATION_MODE = wholemodule;
				SWIFT_OPTIMIZATION_LEVEL = "-O";
				VALIDATE_PRODUCT = YES;
			};
			name = Release;
		};
		9C26A92C24D84251000E131B /* Debug */ = {
			isa = XCBuildConfiguration;
			buildSettings = {
				ASSETCATALOG_COMPILER_APPICON_NAME = AppIcon;
				CODE_SIGN_STYLE = Automatic;
				DEVELOPMENT_TEAM = 3U5J5L4HYD;
				INFOPLIST_FILE = Protein.v3.1/Info.plist;
				LD_RUNPATH_SEARCH_PATHS = (
					"$(inherited)",
					"@executable_path/Frameworks",
				);
				PRODUCT_BUNDLE_IDENTIFIER = "UCC.Protein-v3-1";
				PRODUCT_NAME = "$(TARGET_NAME)";
				SWIFT_VERSION = 5.0;
				TARGETED_DEVICE_FAMILY = "1,2";
			};
			name = Debug;
		};
		9C26A92D24D84251000E131B /* Release */ = {
			isa = XCBuildConfiguration;
			buildSettings = {
				ASSETCATALOG_COMPILER_APPICON_NAME = AppIcon;
				CODE_SIGN_STYLE = Automatic;
				DEVELOPMENT_TEAM = 3U5J5L4HYD;
				INFOPLIST_FILE = Protein.v3.1/Info.plist;
				LD_RUNPATH_SEARCH_PATHS = (
					"$(inherited)",
					"@executable_path/Frameworks",
				);
				PRODUCT_BUNDLE_IDENTIFIER = "UCC.Protein-v3-1";
				PRODUCT_NAME = "$(TARGET_NAME)";
				SWIFT_VERSION = 5.0;
				TARGETED_DEVICE_FAMILY = "1,2";
			};
			name = Release;
		};
/* End XCBuildConfiguration section */

/* Begin XCConfigurationList section */
		9C26A91224D8424E000E131B /* Build configuration list for PBXProject "Protein.v3.1" */ = {
			isa = XCConfigurationList;
			buildConfigurations = (
				9C26A92924D84251000E131B /* Debug */,
				9C26A92A24D84251000E131B /* Release */,
			);
			defaultConfigurationIsVisible = 0;
			defaultConfigurationName = Release;
		};
		9C26A92B24D84251000E131B /* Build configuration list for PBXNativeTarget "Protein.v3.1" */ = {
			isa = XCConfigurationList;
			buildConfigurations = (
				9C26A92C24D84251000E131B /* Debug */,
				9C26A92D24D84251000E131B /* Release */,
			);
			defaultConfigurationIsVisible = 0;
			defaultConfigurationName = Release;
		};
/* End XCConfigurationList section */

/* Begin XCVersionGroup section */
		9CF7BAA624FE79590031DC82 /* Database.xcdatamodeld */ = {
			isa = XCVersionGroup;
			children = (
				9CF7BAA724FE79590031DC82 /* Database.xcdatamodel */,
			);
			currentVersion = 9CF7BAA724FE79590031DC82 /* Database.xcdatamodel */;
			path = Database.xcdatamodeld;
			sourceTree = "<group>";
			versionGroupType = wrapper.xcdatamodel;
		};
/* End XCVersionGroup section */
	};
	rootObject = 9C26A90F24D8424E000E131B /* Project object */;
}
